// !$*UTF8*$!
{
	archiveVersion = 1;
	classes = {
	};
	objectVersion = 46;
	objects = {

/* Begin PBXBuildFile section */
		27C20B601B3AFDB10026B8E1 /* main.m in Sources */ = {isa = PBXBuildFile; fileRef = 27C20B5F1B3AFDB10026B8E1 /* main.m */; };
		27C20B631B3AFDB10026B8E1 /* AppDelegate.m in Sources */ = {isa = PBXBuildFile; fileRef = 27C20B621B3AFDB10026B8E1 /* AppDelegate.m */; };
		27C20B661B3AFDB10026B8E1 /* MasterViewController.m in Sources */ = {isa = PBXBuildFile; fileRef = 27C20B651B3AFDB10026B8E1 /* MasterViewController.m */; };
		27C20B691B3AFDB10026B8E1 /* DetailViewController.m in Sources */ = {isa = PBXBuildFile; fileRef = 27C20B681B3AFDB10026B8E1 /* DetailViewController.m */; };
		27C20B6C1B3AFDB10026B8E1 /* Main.storyboard in Resources */ = {isa = PBXBuildFile; fileRef = 27C20B6A1B3AFDB10026B8E1 /* Main.storyboard */; };
		27C20B6E1B3AFDB10026B8E1 /* Images.xcassets in Resources */ = {isa = PBXBuildFile; fileRef = 27C20B6D1B3AFDB10026B8E1 /* Images.xcassets */; };
		27C20B711B3AFDB10026B8E1 /* LaunchScreen.xib in Resources */ = {isa = PBXBuildFile; fileRef = 27C20B6F1B3AFDB10026B8E1 /* LaunchScreen.xib */; };
		27C20B7D1B3AFDB10026B8E1 /* EveryDoTests.m in Sources */ = {isa = PBXBuildFile; fileRef = 27C20B7C1B3AFDB10026B8E1 /* EveryDoTests.m */; };
		27C20B881B3AFDCE0026B8E1 /* Todo.m in Sources */ = {isa = PBXBuildFile; fileRef = 27C20B871B3AFDCE0026B8E1 /* Todo.m */; };
		27C20B8E1B3B04F90026B8E1 /* TodoTableViewCell.m in Sources */ = {isa = PBXBuildFile; fileRef = 27C20B8D1B3B04F90026B8E1 /* TodoTableViewCell.m */; };
		27C20B971B3B30C20026B8E1 /* NewToDoViewController.m in Sources */ = {isa = PBXBuildFile; fileRef = 27C20B961B3B30C20026B8E1 /* NewToDoViewController.m */; };
/* End PBXBuildFile section */

/* Begin PBXContainerItemProxy section */
		27C20B771B3AFDB10026B8E1 /* PBXContainerItemProxy */ = {
			isa = PBXContainerItemProxy;
			containerPortal = 27C20B521B3AFDB10026B8E1 /* Project object */;
			proxyType = 1;
			remoteGlobalIDString = 27C20B591B3AFDB10026B8E1;
			remoteInfo = EveryDo;
		};
/* End PBXContainerItemProxy section */

/* Begin PBXFileReference section */
		27C20B5A1B3AFDB10026B8E1 /* EveryDo.app */ = {isa = PBXFileReference; explicitFileType = wrapper.application; includeInIndex = 0; path = EveryDo.app; sourceTree = BUILT_PRODUCTS_DIR; };
		27C20B5E1B3AFDB10026B8E1 /* Info.plist */ = {isa = PBXFileReference; lastKnownFileType = text.plist.xml; path = Info.plist; sourceTree = "<group>"; };
		27C20B5F1B3AFDB10026B8E1 /* main.m */ = {isa = PBXFileReference; lastKnownFileType = sourcecode.c.objc; path = main.m; sourceTree = "<group>"; };
		27C20B611B3AFDB10026B8E1 /* AppDelegate.h */ = {isa = PBXFileReference; lastKnownFileType = sourcecode.c.h; path = AppDelegate.h; sourceTree = "<group>"; };
		27C20B621B3AFDB10026B8E1 /* AppDelegate.m */ = {isa = PBXFileReference; lastKnownFileType = sourcecode.c.objc; path = AppDelegate.m; sourceTree = "<group>"; };
		27C20B641B3AFDB10026B8E1 /* MasterViewController.h */ = {isa = PBXFileReference; lastKnownFileType = sourcecode.c.h; path = MasterViewController.h; sourceTree = "<group>"; };
		27C20B651B3AFDB10026B8E1 /* MasterViewController.m */ = {isa = PBXFileReference; lastKnownFileType = sourcecode.c.objc; path = MasterViewController.m; sourceTree = "<group>"; };
		27C20B671B3AFDB10026B8E1 /* DetailViewController.h */ = {isa = PBXFileReference; lastKnownFileType = sourcecode.c.h; path = DetailViewController.h; sourceTree = "<group>"; };
		27C20B681B3AFDB10026B8E1 /* DetailViewController.m */ = {isa = PBXFileReference; lastKnownFileType = sourcecode.c.objc; path = DetailViewController.m; sourceTree = "<group>"; };
		27C20B6B1B3AFDB10026B8E1 /* Base */ = {isa = PBXFileReference; lastKnownFileType = file.storyboard; name = Base; path = Base.lproj/Main.storyboard; sourceTree = "<group>"; };
		27C20B6D1B3AFDB10026B8E1 /* Images.xcassets */ = {isa = PBXFileReference; lastKnownFileType = folder.assetcatalog; path = Images.xcassets; sourceTree = "<group>"; };
		27C20B701B3AFDB10026B8E1 /* Base */ = {isa = PBXFileReference; lastKnownFileType = file.xib; name = Base; path = Base.lproj/LaunchScreen.xib; sourceTree = "<group>"; };
		27C20B761B3AFDB10026B8E1 /* EveryDoTests.xctest */ = {isa = PBXFileReference; explicitFileType = wrapper.cfbundle; includeInIndex = 0; path = EveryDoTests.xctest; sourceTree = BUILT_PRODUCTS_DIR; };
		27C20B7B1B3AFDB10026B8E1 /* Info.plist */ = {isa = PBXFileReference; lastKnownFileType = text.plist.xml; path = Info.plist; sourceTree = "<group>"; };
		27C20B7C1B3AFDB10026B8E1 /* EveryDoTests.m */ = {isa = PBXFileReference; lastKnownFileType = sourcecode.c.objc; path = EveryDoTests.m; sourceTree = "<group>"; };
		27C20B861B3AFDCE0026B8E1 /* Todo.h */ = {isa = PBXFileReference; fileEncoding = 4; lastKnownFileType = sourcecode.c.h; path = Todo.h; sourceTree = "<group>"; };
		27C20B871B3AFDCE0026B8E1 /* Todo.m */ = {isa = PBXFileReference; fileEncoding = 4; lastKnownFileType = sourcecode.c.objc; path = Todo.m; sourceTree = "<group>"; };
		27C20B8C1B3B04F90026B8E1 /* TodoTableViewCell.h */ = {isa = PBXFileReference; fileEncoding = 4; lastKnownFileType = sourcecode.c.h; path = TodoTableViewCell.h; sourceTree = "<group>"; };
		27C20B8D1B3B04F90026B8E1 /* TodoTableViewCell.m */ = {isa = PBXFileReference; fileEncoding = 4; lastKnownFileType = sourcecode.c.objc; path = TodoTableViewCell.m; sourceTree = "<group>"; };
		27C20B951B3B30C20026B8E1 /* NewToDoViewController.h */ = {isa = PBXFileReference; fileEncoding = 4; lastKnownFileType = sourcecode.c.h; path = NewToDoViewController.h; sourceTree = "<group>"; };
		27C20B961B3B30C20026B8E1 /* NewToDoViewController.m */ = {isa = PBXFileReference; fileEncoding = 4; lastKnownFileType = sourcecode.c.objc; path = NewToDoViewController.m; sourceTree = "<group>"; };
/* End PBXFileReference section */

/* Begin PBXFrameworksBuildPhase section */
		27C20B571B3AFDB10026B8E1 /* Frameworks */ = {
			isa = PBXFrameworksBuildPhase;
			buildActionMask = 2147483647;
			files = (
			);
			runOnlyForDeploymentPostprocessing = 0;
		};
		27C20B731B3AFDB10026B8E1 /* Frameworks */ = {
			isa = PBXFrameworksBuildPhase;
			buildActionMask = 2147483647;
			files = (
			);
			runOnlyForDeploymentPostprocessing = 0;
		};
/* End PBXFrameworksBuildPhase section */

/* Begin PBXGroup section */
		27C20B511B3AFDB10026B8E1 = {
			isa = PBXGroup;
			children = (
				27C20B5C1B3AFDB10026B8E1 /* EveryDo */,
				27C20B791B3AFDB10026B8E1 /* EveryDoTests */,
				27C20B5B1B3AFDB10026B8E1 /* Products */,
			);
			sourceTree = "<group>";
		};
		27C20B5B1B3AFDB10026B8E1 /* Products */ = {
			isa = PBXGroup;
			children = (
				27C20B5A1B3AFDB10026B8E1 /* EveryDo.app */,
				27C20B761B3AFDB10026B8E1 /* EveryDoTests.xctest */,
			);
			name = Products;
			sourceTree = "<group>";
		};
		27C20B5C1B3AFDB10026B8E1 /* EveryDo */ = {
			isa = PBXGroup;
			children = (
				27C20B611B3AFDB10026B8E1 /* AppDelegate.h */,
				27C20B621B3AFDB10026B8E1 /* AppDelegate.m */,
				27C20B641B3AFDB10026B8E1 /* MasterViewController.h */,
				27C20B651B3AFDB10026B8E1 /* MasterViewController.m */,
				27C20B671B3AFDB10026B8E1 /* DetailViewController.h */,
				27C20B681B3AFDB10026B8E1 /* DetailViewController.m */,
				27C20B951B3B30C20026B8E1 /* NewToDoViewController.h */,
				27C20B961B3B30C20026B8E1 /* NewToDoViewController.m */,
				27C20B861B3AFDCE0026B8E1 /* Todo.h */,
				27C20B871B3AFDCE0026B8E1 /* Todo.m */,
				27C20B8C1B3B04F90026B8E1 /* TodoTableViewCell.h */,
				27C20B8D1B3B04F90026B8E1 /* TodoTableViewCell.m */,
				27C20B6A1B3AFDB10026B8E1 /* Main.storyboard */,
				27C20B6D1B3AFDB10026B8E1 /* Images.xcassets */,
				27C20B6F1B3AFDB10026B8E1 /* LaunchScreen.xib */,
				27C20B5D1B3AFDB10026B8E1 /* Supporting Files */,
			);
			path = EveryDo;
			sourceTree = "<group>";
		};
		27C20B5D1B3AFDB10026B8E1 /* Supporting Files */ = {
			isa = PBXGroup;
			children = (
				27C20B5E1B3AFDB10026B8E1 /* Info.plist */,
				27C20B5F1B3AFDB10026B8E1 /* main.m */,
			);
			name = "Supporting Files";
			sourceTree = "<group>";
		};
		27C20B791B3AFDB10026B8E1 /* EveryDoTests */ = {
			isa = PBXGroup;
			children = (
				27C20B7C1B3AFDB10026B8E1 /* EveryDoTests.m */,
				27C20B7A1B3AFDB10026B8E1 /* Supporting Files */,
			);
			path = EveryDoTests;
			sourceTree = "<group>";
		};
		27C20B7A1B3AFDB10026B8E1 /* Supporting Files */ = {
			isa = PBXGroup;
			children = (
				27C20B7B1B3AFDB10026B8E1 /* Info.plist */,
			);
			name = "Supporting Files";
			sourceTree = "<group>";
		};
/* End PBXGroup section */

/* Begin PBXNativeTarget section */
		27C20B591B3AFDB10026B8E1 /* EveryDo */ = {
			isa = PBXNativeTarget;
			buildConfigurationList = 27C20B801B3AFDB10026B8E1 /* Build configuration list for PBXNativeTarget "EveryDo" */;
			buildPhases = (
				27C20B561B3AFDB10026B8E1 /* Sources */,
				27C20B571B3AFDB10026B8E1 /* Frameworks */,
				27C20B581B3AFDB10026B8E1 /* Resources */,
			);
			buildRules = (
			);
			dependencies = (
			);
			name = EveryDo;
			productName = EveryDo;
			productReference = 27C20B5A1B3AFDB10026B8E1 /* EveryDo.app */;
			productType = "com.apple.product-type.application";
		};
		27C20B751B3AFDB10026B8E1 /* EveryDoTests */ = {
			isa = PBXNativeTarget;
			buildConfigurationList = 27C20B831B3AFDB10026B8E1 /* Build configuration list for PBXNativeTarget "EveryDoTests" */;
			buildPhases = (
				27C20B721B3AFDB10026B8E1 /* Sources */,
				27C20B731B3AFDB10026B8E1 /* Frameworks */,
				27C20B741B3AFDB10026B8E1 /* Resources */,
			);
			buildRules = (
			);
			dependencies = (
				27C20B781B3AFDB10026B8E1 /* PBXTargetDependency */,
			);
			name = EveryDoTests;
			productName = EveryDoTests;
			productReference = 27C20B761B3AFDB10026B8E1 /* EveryDoTests.xctest */;
			productType = "com.apple.product-type.bundle.unit-test";
		};
/* End PBXNativeTarget section */

/* Begin PBXProject section */
		27C20B521B3AFDB10026B8E1 /* Project object */ = {
			isa = PBXProject;
			attributes = {
				LastUpgradeCheck = 0630;
				ORGANIZATIONNAME = "Josh Endter";
				TargetAttributes = {
					27C20B591B3AFDB10026B8E1 = {
						CreatedOnToolsVersion = 6.3;
					};
					27C20B751B3AFDB10026B8E1 = {
						CreatedOnToolsVersion = 6.3;
						TestTargetID = 27C20B591B3AFDB10026B8E1;
					};
				};
			};
			buildConfigurationList = 27C20B551B3AFDB10026B8E1 /* Build configuration list for PBXProject "EveryDo" */;
			compatibilityVersion = "Xcode 3.2";
			developmentRegion = English;
			hasScannedForEncodings = 0;
			knownRegions = (
				en,
				Base,
			);
			mainGroup = 27C20B511B3AFDB10026B8E1;
			productRefGroup = 27C20B5B1B3AFDB10026B8E1 /* Products */;
			projectDirPath = "";
			projectRoot = "";
			targets = (
				27C20B591B3AFDB10026B8E1 /* EveryDo */,
				27C20B751B3AFDB10026B8E1 /* EveryDoTests */,
			);
		};
/* End PBXProject section */

/* Begin PBXResourcesBuildPhase section */
		27C20B581B3AFDB10026B8E1 /* Resources */ = {
			isa = PBXResourcesBuildPhase;
			buildActionMask = 2147483647;
			files = (
				27C20B6C1B3AFDB10026B8E1 /* Main.storyboard in Resources */,
				27C20B711B3AFDB10026B8E1 /* LaunchScreen.xib in Resources */,
				27C20B6E1B3AFDB10026B8E1 /* Images.xcassets in Resources */,
			);
			runOnlyForDeploymentPostprocessing = 0;
		};
		27C20B741B3AFDB10026B8E1 /* Resources */ = {
			isa = PBXResourcesBuildPhase;
			buildActionMask = 2147483647;
			files = (
			);
			runOnlyForDeploymentPostprocessing = 0;
		};
/* End PBXResourcesBuildPhase section */

/* Begin PBXSourcesBuildPhase section */
		27C20B561B3AFDB10026B8E1 /* Sources */ = {
			isa = PBXSourcesBuildPhase;
			buildActionMask = 2147483647;
			files = (
				27C20B881B3AFDCE0026B8E1 /* Todo.m in Sources */,
				27C20B8E1B3B04F90026B8E1 /* TodoTableViewCell.m in Sources */,
				27C20B971B3B30C20026B8E1 /* NewToDoViewController.m in Sources */,
				27C20B631B3AFDB10026B8E1 /* AppDelegate.m in Sources */,
				27C20B661B3AFDB10026B8E1 /* MasterViewController.m in Sources */,
				27C20B601B3AFDB10026B8E1 /* main.m in Sources */,
				27C20B691B3AFDB10026B8E1 /* DetailViewController.m in Sources */,
			);
			runOnlyForDeploymentPostprocessing = 0;
		};
		27C20B721B3AFDB10026B8E1 /* Sources */ = {
			isa = PBXSourcesBuildPhase;
			buildActionMask = 2147483647;
			files = (
				27C20B7D1B3AFDB10026B8E1 /* EveryDoTests.m in Sources */,
			);
			runOnlyForDeploymentPostprocessing = 0;
		};
/* End PBXSourcesBuildPhase section */

/* Begin PBXTargetDependency section */
		27C20B781B3AFDB10026B8E1 /* PBXTargetDependency */ = {
			isa = PBXTargetDependency;
			target = 27C20B591B3AFDB10026B8E1 /* EveryDo */;
			targetProxy = 27C20B771B3AFDB10026B8E1 /* PBXContainerItemProxy */;
		};
/* End PBXTargetDependency section */

/* Begin PBXVariantGroup section */
		27C20B6A1B3AFDB10026B8E1 /* Main.storyboard */ = {
			isa = PBXVariantGroup;
			children = (
				27C20B6B1B3AFDB10026B8E1 /* Base */,
			);
			name = Main.storyboard;
			sourceTree = "<group>";
		};
		27C20B6F1B3AFDB10026B8E1 /* LaunchScreen.xib */ = {
			isa = PBXVariantGroup;
			children = (
				27C20B701B3AFDB10026B8E1 /* Base */,
			);
			name = LaunchScreen.xib;
			sourceTree = "<group>";
		};
/* End PBXVariantGroup section */

/* Begin XCBuildConfiguration section */
		27C20B7E1B3AFDB10026B8E1 /* Debug */ = {
			isa = XCBuildConfiguration;
			buildSettings = {
				ALWAYS_SEARCH_USER_PATHS = NO;
				CLANG_CXX_LANGUAGE_STANDARD = "gnu++0x";
				CLANG_CXX_LIBRARY = "libc++";
				CLANG_ENABLE_MODULES = YES;
				CLANG_ENABLE_OBJC_ARC = YES;
				CLANG_WARN_BOOL_CONVERSION = YES;
				CLANG_WARN_CONSTANT_CONVERSION = YES;
				CLANG_WARN_DIRECT_OBJC_ISA_USAGE = YES_ERROR;
				CLANG_WARN_EMPTY_BODY = YES;
				CLANG_WARN_ENUM_CONVERSION = YES;
				CLANG_WARN_INT_CONVERSION = YES;
				CLANG_WARN_OBJC_ROOT_CLASS = YES_ERROR;
				CLANG_WARN_UNREACHABLE_CODE = YES;
				CLANG_WARN__DUPLICATE_METHOD_MATCH = YES;
				"CODE_SIGN_IDENTITY[sdk=iphoneos*]" = "iPhone Developer";
				COPY_PHASE_STRIP = NO;
				DEBUG_INFORMATION_FORMAT = "dwarf-with-dsym";
				ENABLE_STRICT_OBJC_MSGSEND = YES;
				GCC_C_LANGUAGE_STANDARD = gnu99;
				GCC_DYNAMIC_NO_PIC = NO;
				GCC_NO_COMMON_BLOCKS = YES;
				GCC_OPTIMIZATION_LEVEL = 0;
				GCC_PREPROCESSOR_DEFINITIONS = (
					"DEBUG=1",
					"$(inherited)",
				);
				GCC_SYMBOLS_PRIVATE_EXTERN = NO;
				GCC_WARN_64_TO_32_BIT_CONVERSION = YES;
				GCC_WARN_ABOUT_RETURN_TYPE = YES_ERROR;
				GCC_WARN_UNDECLARED_SELECTOR = YES;
				GCC_WARN_UNINITIALIZED_AUTOS = YES_AGGRESSIVE;
				GCC_WARN_UNUSED_FUNCTION = YES;
				GCC_WARN_UNUSED_VARIABLE = YES;
				IPHONEOS_DEPLOYMENT_TARGET = 8.3;
				MTL_ENABLE_DEBUG_INFO = YES;
				ONLY_ACTIVE_ARCH = YES;
				SDKROOT = iphoneos;
			};
			name = Debug;
		};
		27C20B7F1B3AFDB10026B8E1 /* Release */ = {
			isa = XCBuildConfiguration;
			buildSettings = {
				ALWAYS_SEARCH_USER_PATHS = NO;
				CLANG_CXX_LANGUAGE_STANDARD = "gnu++0x";
				CLANG_CXX_LIBRARY = "libc++";
				CLANG_ENABLE_MODULES = YES;
				CLANG_ENABLE_OBJC_ARC = YES;
				CLANG_WARN_BOOL_CONVERSION = YES;
				CLANG_WARN_CONSTANT_CONVERSION = YES;
				CLANG_WARN_DIRECT_OBJC_ISA_USAGE = YES_ERROR;
				CLANG_WARN_EMPTY_BODY = YES;
				CLANG_WARN_ENUM_CONVERSION = YES;
				CLANG_WARN_INT_CONVERSION = YES;
				CLANG_WARN_OBJC_ROOT_CLASS = YES_ERROR;
				CLANG_WARN_UNREACHABLE_CODE = YES;
				CLANG_WARN__DUPLICATE_METHOD_MATCH = YES;
				"CODE_SIGN_IDENTITY[sdk=iphoneos*]" = "iPhone Developer";
				COPY_PHASE_STRIP = NO;
				DEBUG_INFORMATION_FORMAT = "dwarf-with-dsym";
				ENABLE_NS_ASSERTIONS = NO;
				ENABLE_STRICT_OBJC_MSGSEND = YES;
				GCC_C_LANGUAGE_STANDARD = gnu99;
				GCC_NO_COMMON_BLOCKS = YES;
				GCC_WARN_64_TO_32_BIT_CONVERSION = YES;
				GCC_WARN_ABOUT_RETURN_TYPE = YES_ERROR;
				GCC_WARN_UNDECLARED_SELECTOR = YES;
				GCC_WARN_UNINITIALIZED_AUTOS = YES_AGGRESSIVE;
				GCC_WARN_UNUSED_FUNCTION = YES;
				GCC_WARN_UNUSED_VARIABLE = YES;
				IPHONEOS_DEPLOYMENT_TARGET = 8.3;
				MTL_ENABLE_DEBUG_INFO = NO;
				SDKROOT = iphoneos;
				VALIDATE_PRODUCT = YES;
			};
			name = Release;
		};
		27C20B811B3AFDB10026B8E1 /* Debug */ = {
			isa = XCBuildConfiguration;
			buildSettings = {
				ASSETCATALOG_COMPILER_APPICON_NAME = AppIcon;
				INFOPLIST_FILE = EveryDo/Info.plist;
				LD_RUNPATH_SEARCH_PATHS = "$(inherited) @executable_path/Frameworks";
				PRODUCT_NAME = "$(TARGET_NAME)";
			};
			name = Debug;
		};
		27C20B821B3AFDB10026B8E1 /* Release */ = {
			isa = XCBuildConfiguration;
			buildSettings = {
				ASSETCATALOG_COMPILER_APPICON_NAME = AppIcon;
				INFOPLIST_FILE = EveryDo/Info.plist;
				LD_RUNPATH_SEARCH_PATHS = "$(inherited) @executable_path/Frameworks";
				PRODUCT_NAME = "$(TARGET_NAME)";
			};
			name = Release;
		};
		27C20B841B3AFDB10026B8E1 /* Debug */ = {
			isa = XCBuildConfiguration;
			buildSettings = {
				BUNDLE_LOADER = "$(TEST_HOST)";
				FRAMEWORK_SEARCH_PATHS = (
					"$(SDKROOT)/Developer/Library/Frameworks",
					"$(inherited)",
				);
				GCC_PREPROCESSOR_DEFINITIONS = (
					"DEBUG=1",
					"$(inherited)",
				);
				INFOPLIST_FILE = EveryDoTests/Info.plist;
				LD_RUNPATH_SEARCH_PATHS = "$(inherited) @executable_path/Frameworks @loader_path/Frameworks";
				PRODUCT_NAME = "$(TARGET_NAME)";
				TEST_HOST = "$(BUILT_PRODUCTS_DIR)/EveryDo.app/EveryDo";
			};
			name = Debug;
		};
		27C20B851B3AFDB10026B8E1 /* Release */ = {
			isa = XCBuildConfiguration;
			buildSettings = {
				BUNDLE_LOADER = "$(TEST_HOST)";
				FRAMEWORK_SEARCH_PATHS = (
					"$(SDKROOT)/Developer/Library/Frameworks",
					"$(inherited)",
				);
				INFOPLIST_FILE = EveryDoTests/Info.plist;
				LD_RUNPATH_SEARCH_PATHS = "$(inherited) @executable_path/Frameworks @loader_path/Frameworks";
				PRODUCT_NAME = "$(TARGET_NAME)";
				TEST_HOST = "$(BUILT_PRODUCTS_DIR)/EveryDo.app/EveryDo";
			};
			name = Release;
		};
/* End XCBuildConfiguration section */

/* Begin XCConfigurationList section */
		27C20B551B3AFDB10026B8E1 /* Build configuration list for PBXProject "EveryDo" */ = {
			isa = XCConfigurationList;
			buildConfigurations = (
				27C20B7E1B3AFDB10026B8E1 /* Debug */,
				27C20B7F1B3AFDB10026B8E1 /* Release */,
			);
			defaultConfigurationIsVisible = 0;
			defaultConfigurationName = Release;
		};
		27C20B801B3AFDB10026B8E1 /* Build configuration list for PBXNativeTarget "EveryDo" */ = {
			isa = XCConfigurationList;
			buildConfigurations = (
				27C20B811B3AFDB10026B8E1 /* Debug */,
				27C20B821B3AFDB10026B8E1 /* Release */,
			);
			defaultConfigurationIsVisible = 0;
		};
		27C20B831B3AFDB10026B8E1 /* Build configuration list for PBXNativeTarget "EveryDoTests" */ = {
			isa = XCConfigurationList;
			buildConfigurations = (
				27C20B841B3AFDB10026B8E1 /* Debug */,
				27C20B851B3AFDB10026B8E1 /* Release */,
			);
			defaultConfigurationIsVisible = 0;
		};
/* End XCConfigurationList section */
	};
	rootObject = 27C20B521B3AFDB10026B8E1 /* Project object */;
}
